
Microsoft Visual Studio Solution File, Format Version 12.00
# Visual Studio Version 17
VisualStudioVersion = 17.6.33815.320
MinimumVisualStudioVersion = 10.0.40219.1
Project("{FAE04EC0-301F-11D3-BF4B-00C04F79EFBC}") = "MyWebAPI", "MyWebAPI\MyWebAPI.csproj", "{6A5A501D-DF7B-439D-9236-88C9A8D145ED}"
EndProject
Global
	GlobalSection(SolutionConfigurationPlatforms) = preSolution
		Debug|Any CPU = Debug|Any CPU
		Release|Any CPU = Release|Any CPU
	EndGlobalSection
	GlobalSection(ProjectConfigurationPlatforms) = postSolution
		{6A5A501D-DF7B-439D-9236-88C9A8D145ED}.Debug|Any CPU.ActiveCfg = Debug|Any CPU
		{6A5A501D-DF7B-439D-9236-88C9A8D145ED}.Debug|Any CPU.Build.0 = Debug|Any CPU
		{6A5A501D-DF7B-439D-9236-88C9A8D145ED}.Release|Any CPU.ActiveCfg = Release|Any CPU
		{6A5A501D-DF7B-439D-9236-88C9A8D145ED}.Release|Any CPU.Build.0 = Release|Any CPU
	EndGlobalSection
	GlobalSection(SolutionProperties) = preSolution
		HideSolutionNode = FALSE
	EndGlobalSection
	GlobalSection(ExtensibilityGlobals) = postSolution
		SolutionGuid = {5066D5B1-EC66-43B7-9511-3F8627A9B488}
	EndGlobalSection
EndGlobal
