
Microsoft Visual Studio Solution File, Format Version 12.00
# Visual Studio Version 17
VisualStudioVersion = 17.6.33815.320
MinimumVisualStudioVersion = 10.0.40219.1
Project("{FAE04EC0-301F-11D3-BF4B-00C04F79EFBC}") = "MyASP .NET WebAPI 5", "MyASP .NET WebAPI 5\MyASP .NET WebAPI 5.csproj", "{5A9C3158-5218-4B03-B9C4-365E1BA65B83}"
EndProject
Global
	GlobalSection(SolutionConfigurationPlatforms) = preSolution
		Debug|Any CPU = Debug|Any CPU
		Release|Any CPU = Release|Any CPU
	EndGlobalSection
	GlobalSection(ProjectConfigurationPlatforms) = postSolution
		{5A9C3158-5218-4B03-B9C4-365E1BA65B83}.Debug|Any CPU.ActiveCfg = Debug|Any CPU
		{5A9C3158-5218-4B03-B9C4-365E1BA65B83}.Debug|Any CPU.Build.0 = Debug|Any CPU
		{5A9C3158-5218-4B03-B9C4-365E1BA65B83}.Release|Any CPU.ActiveCfg = Release|Any CPU
		{5A9C3158-5218-4B03-B9C4-365E1BA65B83}.Release|Any CPU.Build.0 = Release|Any CPU
	EndGlobalSection
	GlobalSection(SolutionProperties) = preSolution
		HideSolutionNode = FALSE
	EndGlobalSection
	GlobalSection(ExtensibilityGlobals) = postSolution
		SolutionGuid = {525FDE6E-ECBC-4FCC-AF83-C17E110D321B}
	EndGlobalSection
EndGlobal
